// !$*UTF8*$!
{
	archiveVersion = 1;
	classes = {
	};
	objectVersion = 46;
	objects = {

/* Begin PBXBuildFile section */
		0775CD72155E1AA800275102 /* UIKit.framework in Frameworks */ = {isa = PBXBuildFile; fileRef = 0775CD71155E1AA800275102 /* UIKit.framework */; };
		0775CD74155E1AA800275102 /* Foundation.framework in Frameworks */ = {isa = PBXBuildFile; fileRef = 0775CD73155E1AA800275102 /* Foundation.framework */; };
		0775CD76155E1AA800275102 /* CoreGraphics.framework in Frameworks */ = {isa = PBXBuildFile; fileRef = 0775CD75155E1AA800275102 /* CoreGraphics.framework */; };
		0775CD7C155E1AA800275102 /* InfoPlist.strings in Resources */ = {isa = PBXBuildFile; fileRef = 0775CD7A155E1AA800275102 /* InfoPlist.strings */; };
		0775CD7E155E1AA800275102 /* main.m in Sources */ = {isa = PBXBuildFile; fileRef = 0775CD7D155E1AA800275102 /* main.m */; };
		0775CD82155E1AA800275102 /* DAAppDelegate.m in Sources */ = {isa = PBXBuildFile; fileRef = 0775CD81155E1AA800275102 /* DAAppDelegate.m */; };
		0775CD87155E1AA800275102 /* first.png in Resources */ = {isa = PBXBuildFile; fileRef = 0775CD86155E1AA800275102 /* first.png */; };
		0775CD89155E1AA800275102 /* first@2x.png in Resources */ = {isa = PBXBuildFile; fileRef = 0775CD88155E1AA800275102 /* first@2x.png */; };
		0775CD8E155E1AA800275102 /* second.png in Resources */ = {isa = PBXBuildFile; fileRef = 0775CD8D155E1AA800275102 /* second.png */; };
		0775CD90155E1AA800275102 /* second@2x.png in Resources */ = {isa = PBXBuildFile; fileRef = 0775CD8F155E1AA800275102 /* second@2x.png */; };
		0775CDA2155E1CAE00275102 /* DARecordViewController.m in Sources */ = {isa = PBXBuildFile; fileRef = 0775CDA1155E1CAE00275102 /* DARecordViewController.m */; };
		0775CDA7155E1D8300275102 /* DAAlarmViewController.m in Sources */ = {isa = PBXBuildFile; fileRef = 0775CDA6155E1D8300275102 /* DAAlarmViewController.m */; };
		0775CDAD155E1DB500275102 /* DARecordEditViewController.m in Sources */ = {isa = PBXBuildFile; fileRef = 0775CDAC155E1DB500275102 /* DARecordEditViewController.m */; };
		0775CDB0155E1DCA00275102 /* DAAlarmStandbyViewController.m in Sources */ = {isa = PBXBuildFile; fileRef = 0775CDAF155E1DCA00275102 /* DAAlarmStandbyViewController.m */; };
		0775CDB2155E1E6E00275102 /* DAAlarmView.xib in Resources */ = {isa = PBXBuildFile; fileRef = 0775CDB1155E1E6E00275102 /* DAAlarmView.xib */; };
		0775CDB4155E1E7B00275102 /* DARecordView.xib in Resources */ = {isa = PBXBuildFile; fileRef = 0775CDB3155E1E7B00275102 /* DARecordView.xib */; };
		0775CDB6155E225000275102 /* DARecordEditView.xib in Resources */ = {isa = PBXBuildFile; fileRef = 0775CDB5155E225000275102 /* DARecordEditView.xib */; };
		0775CDBA155E260100275102 /* DARecord.m in Sources */ = {isa = PBXBuildFile; fileRef = 0775CDB9155E260100275102 /* DARecord.m */; };
		0775CDBC155E313E00275102 /* AVFoundation.framework in Frameworks */ = {isa = PBXBuildFile; fileRef = 0775CDBB155E313D00275102 /* AVFoundation.framework */; };
		0775CDBE155E314500275102 /* AudioToolbox.framework in Frameworks */ = {isa = PBXBuildFile; fileRef = 0775CDBD155E314500275102 /* AudioToolbox.framework */; };
		0775CDC4155E4ABC00275102 /* DAMessageEditViewController.m in Sources */ = {isa = PBXBuildFile; fileRef = 0775CDC2155E4ABB00275102 /* DAMessageEditViewController.m */; };
		0775CDC5155E4ABC00275102 /* DAMessageEditView.xib in Resources */ = {isa = PBXBuildFile; fileRef = 0775CDC3155E4ABC00275102 /* DAMessageEditView.xib */; };
		0775CDC8155E501700275102 /* DAAlarm.m in Sources */ = {isa = PBXBuildFile; fileRef = 0775CDC7155E501600275102 /* DAAlarm.m */; };
		0775CE4D155E60B600275102 /* CDataScanner.m in Sources */ = {isa = PBXBuildFile; fileRef = 0775CDD5155E60B600275102 /* CDataScanner.m */; settings = {COMPILER_FLAGS = "-fno-objc-arc"; }; };
		0775CE4E155E60B600275102 /* CFilteringJSONSerializer.m in Sources */ = {isa = PBXBuildFile; fileRef = 0775CDD8155E60B600275102 /* CFilteringJSONSerializer.m */; settings = {COMPILER_FLAGS = "-fno-objc-arc"; }; };
		0775CE4F155E60B600275102 /* CJSONDeserializer_BlocksExtensions.m in Sources */ = {isa = PBXBuildFile; fileRef = 0775CDDA155E60B600275102 /* CJSONDeserializer_BlocksExtensions.m */; settings = {COMPILER_FLAGS = "-fno-objc-arc"; }; };
		0775CE50155E60B600275102 /* CJSONSerialization.m in Sources */ = {isa = PBXBuildFile; fileRef = 0775CDDC155E60B600275102 /* CJSONSerialization.m */; settings = {COMPILER_FLAGS = "-fno-objc-arc"; }; };
		0775CE51155E60B600275102 /* CJSONSerializedData.m in Sources */ = {isa = PBXBuildFile; fileRef = 0775CDDE155E60B600275102 /* CJSONSerializedData.m */; settings = {COMPILER_FLAGS = "-fno-objc-arc"; }; };
		0775CE52155E60B600275102 /* CDataScanner_Extensions.m in Sources */ = {isa = PBXBuildFile; fileRef = 0775CDE1155E60B600275102 /* CDataScanner_Extensions.m */; settings = {COMPILER_FLAGS = "-fno-objc-arc"; }; };
		0775CE53155E60B600275102 /* NSDictionary_JSONExtensions.m in Sources */ = {isa = PBXBuildFile; fileRef = 0775CDE3155E60B600275102 /* NSDictionary_JSONExtensions.m */; settings = {COMPILER_FLAGS = "-fno-objc-arc"; }; };
		0775CE54155E60B600275102 /* CJSONDeserializer.m in Sources */ = {isa = PBXBuildFile; fileRef = 0775CDE6155E60B600275102 /* CJSONDeserializer.m */; settings = {COMPILER_FLAGS = "-fno-objc-arc"; }; };
		0775CE55155E60B600275102 /* CJSONScanner.m in Sources */ = {isa = PBXBuildFile; fileRef = 0775CDE8155E60B600275102 /* CJSONScanner.m */; settings = {COMPILER_FLAGS = "-fno-objc-arc"; }; };
		0775CE56155E60B600275102 /* CJSONSerializer.m in Sources */ = {isa = PBXBuildFile; fileRef = 0775CDEA155E60B600275102 /* CJSONSerializer.m */; settings = {COMPILER_FLAGS = "-fno-objc-arc"; }; };
		078EF93A155E6DDA006AC099 /* HttpAsyncConnection.m in Sources */ = {isa = PBXBuildFile; fileRef = 0775CEA7155E616F00275102 /* HttpAsyncConnection.m */; settings = {COMPILER_FLAGS = "-fno-objc-arc"; }; };
		078EF93D155E6E1A006AC099 /* DictionaryExtention.m in Sources */ = {isa = PBXBuildFile; fileRef = 078EF93C155E6E13006AC099 /* DictionaryExtention.m */; settings = {COMPILER_FLAGS = "-fno-objc-arc"; }; };
		078EF93F155E9049006AC099 /* DAAlarmStandbyView.xib in Resources */ = {isa = PBXBuildFile; fileRef = 078EF93E155E9049006AC099 /* DAAlarmStandbyView.xib */; };
		078EF942155E9E3A006AC099 /* DARecordManager.m in Sources */ = {isa = PBXBuildFile; fileRef = 078EF941155E9E3A006AC099 /* DARecordManager.m */; };
		078EF957155EAD35006AC099 /* Icon.png in Resources */ = {isa = PBXBuildFile; fileRef = 078EF956155EAD35006AC099 /* Icon.png */; };
		078EF95A155EAD38006AC099 /* Icon@2x.png in Resources */ = {isa = PBXBuildFile; fileRef = 078EF959155EAD38006AC099 /* Icon@2x.png */; };
/* End PBXBuildFile section */

/* Begin PBXFileReference section */
		0775CD6D155E1AA800275102 /* DungaAlarm.app */ = {isa = PBXFileReference; explicitFileType = wrapper.application; includeInIndex = 0; path = DungaAlarm.app; sourceTree = BUILT_PRODUCTS_DIR; };
		0775CD71155E1AA800275102 /* UIKit.framework */ = {isa = PBXFileReference; lastKnownFileType = wrapper.framework; name = UIKit.framework; path = System/Library/Frameworks/UIKit.framework; sourceTree = SDKROOT; };
		0775CD73155E1AA800275102 /* Foundation.framework */ = {isa = PBXFileReference; lastKnownFileType = wrapper.framework; name = Foundation.framework; path = System/Library/Frameworks/Foundation.framework; sourceTree = SDKROOT; };
		0775CD75155E1AA800275102 /* CoreGraphics.framework */ = {isa = PBXFileReference; lastKnownFileType = wrapper.framework; name = CoreGraphics.framework; path = System/Library/Frameworks/CoreGraphics.framework; sourceTree = SDKROOT; };
		0775CD79155E1AA800275102 /* DungaAlarm-Info.plist */ = {isa = PBXFileReference; path = "DungaAlarm-Info.plist"; sourceTree = "<group>"; };
		0775CD7B155E1AA800275102 /* en */ = {isa = PBXFileReference; lastKnownFileType = text.plist.strings; name = en; path = en.lproj/InfoPlist.strings; sourceTree = "<group>"; };
		0775CD7D155E1AA800275102 /* main.m */ = {isa = PBXFileReference; lastKnownFileType = sourcecode.c.objc; path = main.m; sourceTree = "<group>"; };
		0775CD7F155E1AA800275102 /* DungaAlarm-Prefix.pch */ = {isa = PBXFileReference; path = "DungaAlarm-Prefix.pch"; sourceTree = "<group>"; };
		0775CD80155E1AA800275102 /* DAAppDelegate.h */ = {isa = PBXFileReference; lastKnownFileType = sourcecode.c.h; path = DAAppDelegate.h; sourceTree = "<group>"; };
		0775CD81155E1AA800275102 /* DAAppDelegate.m */ = {isa = PBXFileReference; lastKnownFileType = sourcecode.c.objc; path = DAAppDelegate.m; sourceTree = "<group>"; };
		0775CD86155E1AA800275102 /* first.png */ = {isa = PBXFileReference; lastKnownFileType = image.png; path = first.png; sourceTree = "<group>"; };
		0775CD88155E1AA800275102 /* first@2x.png */ = {isa = PBXFileReference; lastKnownFileType = image.png; path = "first@2x.png"; sourceTree = "<group>"; };
		0775CD8D155E1AA800275102 /* second.png */ = {isa = PBXFileReference; lastKnownFileType = image.png; path = second.png; sourceTree = "<group>"; };
		0775CD8F155E1AA800275102 /* second@2x.png */ = {isa = PBXFileReference; lastKnownFileType = image.png; path = "second@2x.png"; sourceTree = "<group>"; };
		0775CDA0155E1CAE00275102 /* DARecordViewController.h */ = {isa = PBXFileReference; fileEncoding = 4; lastKnownFileType = sourcecode.c.h; name = DARecordViewController.h; path = Record/DARecordViewController.h; sourceTree = "<group>"; };
		0775CDA1155E1CAE00275102 /* DARecordViewController.m */ = {isa = PBXFileReference; fileEncoding = 4; lastKnownFileType = sourcecode.c.objc; name = DARecordViewController.m; path = Record/DARecordViewController.m; sourceTree = "<group>"; };
		0775CDA5155E1D8300275102 /* DAAlarmViewController.h */ = {isa = PBXFileReference; fileEncoding = 4; path = DAAlarmViewController.h; sourceTree = "<group>"; };
		0775CDA6155E1D8300275102 /* DAAlarmViewController.m */ = {isa = PBXFileReference; fileEncoding = 4; lastKnownFileType = sourcecode.c.objc; path = DAAlarmViewController.m; sourceTree = "<group>"; };
		0775CDAB155E1DB500275102 /* DARecordEditViewController.h */ = {isa = PBXFileReference; fileEncoding = 4; lastKnownFileType = sourcecode.c.h; path = DARecordEditViewController.h; sourceTree = "<group>"; };
		0775CDAC155E1DB500275102 /* DARecordEditViewController.m */ = {isa = PBXFileReference; fileEncoding = 4; lastKnownFileType = sourcecode.c.objc; path = DARecordEditViewController.m; sourceTree = "<group>"; };
		0775CDAE155E1DCA00275102 /* DAAlarmStandbyViewController.h */ = {isa = PBXFileReference; fileEncoding = 4; path = DAAlarmStandbyViewController.h; sourceTree = "<group>"; };
		0775CDAF155E1DCA00275102 /* DAAlarmStandbyViewController.m */ = {isa = PBXFileReference; fileEncoding = 4; lastKnownFileType = sourcecode.c.objc; path = DAAlarmStandbyViewController.m; sourceTree = "<group>"; };
		0775CDB1155E1E6E00275102 /* DAAlarmView.xib */ = {isa = PBXFileReference; fileEncoding = 4; lastKnownFileType = file.xib; path = DAAlarmView.xib; sourceTree = "<group>"; };
		0775CDB3155E1E7B00275102 /* DARecordView.xib */ = {isa = PBXFileReference; fileEncoding = 4; lastKnownFileType = file.xib; path = DARecordView.xib; sourceTree = "<group>"; };
		0775CDB5155E225000275102 /* DARecordEditView.xib */ = {isa = PBXFileReference; fileEncoding = 4; lastKnownFileType = file.xib; path = DARecordEditView.xib; sourceTree = "<group>"; };
		0775CDB8155E260000275102 /* DARecord.h */ = {isa = PBXFileReference; fileEncoding = 4; lastKnownFileType = sourcecode.c.h; name = DARecord.h; path = Model/DARecord.h; sourceTree = "<group>"; };
		0775CDB9155E260100275102 /* DARecord.m */ = {isa = PBXFileReference; fileEncoding = 4; lastKnownFileType = sourcecode.c.objc; name = DARecord.m; path = Model/DARecord.m; sourceTree = "<group>"; };
		0775CDBB155E313D00275102 /* AVFoundation.framework */ = {isa = PBXFileReference; lastKnownFileType = wrapper.framework; name = AVFoundation.framework; path = System/Library/Frameworks/AVFoundation.framework; sourceTree = SDKROOT; };
		0775CDBD155E314500275102 /* AudioToolbox.framework */ = {isa = PBXFileReference; lastKnownFileType = wrapper.framework; name = AudioToolbox.framework; path = System/Library/Frameworks/AudioToolbox.framework; sourceTree = SDKROOT; };
		0775CDC1155E4ABB00275102 /* DAMessageEditViewController.h */ = {isa = PBXFileReference; fileEncoding = 4; lastKnownFileType = sourcecode.c.h; name = DAMessageEditViewController.h; path = Record/DAMessageEditViewController.h; sourceTree = "<group>"; };
		0775CDC2155E4ABB00275102 /* DAMessageEditViewController.m */ = {isa = PBXFileReference; fileEncoding = 4; lastKnownFileType = sourcecode.c.objc; name = DAMessageEditViewController.m; path = Record/DAMessageEditViewController.m; sourceTree = "<group>"; };
		0775CDC3155E4ABC00275102 /* DAMessageEditView.xib */ = {isa = PBXFileReference; fileEncoding = 4; lastKnownFileType = file.xib; name = DAMessageEditView.xib; path = Record/DAMessageEditView.xib; sourceTree = "<group>"; };
		0775CDC6155E501600275102 /* DAAlarm.h */ = {isa = PBXFileReference; fileEncoding = 4; path = DAAlarm.h; sourceTree = "<group>"; };
		0775CDC7155E501600275102 /* DAAlarm.m */ = {isa = PBXFileReference; fileEncoding = 4; lastKnownFileType = sourcecode.c.objc; path = DAAlarm.m; sourceTree = "<group>"; };
		0775CDD4155E60B600275102 /* CDataScanner.h */ = {isa = PBXFileReference; fileEncoding = 4; lastKnownFileType = sourcecode.c.h; path = CDataScanner.h; sourceTree = "<group>"; };
		0775CDD5155E60B600275102 /* CDataScanner.m */ = {isa = PBXFileReference; fileEncoding = 4; lastKnownFileType = sourcecode.c.objc; path = CDataScanner.m; sourceTree = "<group>"; };
		0775CDD7155E60B600275102 /* CFilteringJSONSerializer.h */ = {isa = PBXFileReference; fileEncoding = 4; lastKnownFileType = sourcecode.c.h; path = CFilteringJSONSerializer.h; sourceTree = "<group>"; };
		0775CDD8155E60B600275102 /* CFilteringJSONSerializer.m */ = {isa = PBXFileReference; fileEncoding = 4; lastKnownFileType = sourcecode.c.objc; path = CFilteringJSONSerializer.m; sourceTree = "<group>"; };
		0775CDD9155E60B600275102 /* CJSONDeserializer_BlocksExtensions.h */ = {isa = PBXFileReference; fileEncoding = 4; lastKnownFileType = sourcecode.c.h; path = CJSONDeserializer_BlocksExtensions.h; sourceTree = "<group>"; };
		0775CDDA155E60B600275102 /* CJSONDeserializer_BlocksExtensions.m */ = {isa = PBXFileReference; fileEncoding = 4; lastKnownFileType = sourcecode.c.objc; path = CJSONDeserializer_BlocksExtensions.m; sourceTree = "<group>"; };
		0775CDDB155E60B600275102 /* CJSONSerialization.h */ = {isa = PBXFileReference; fileEncoding = 4; lastKnownFileType = sourcecode.c.h; path = CJSONSerialization.h; sourceTree = "<group>"; };
		0775CDDC155E60B600275102 /* CJSONSerialization.m */ = {isa = PBXFileReference; fileEncoding = 4; lastKnownFileType = sourcecode.c.objc; path = CJSONSerialization.m; sourceTree = "<group>"; };
		0775CDDD155E60B600275102 /* CJSONSerializedData.h */ = {isa = PBXFileReference; fileEncoding = 4; lastKnownFileType = sourcecode.c.h; path = CJSONSerializedData.h; sourceTree = "<group>"; };
		0775CDDE155E60B600275102 /* CJSONSerializedData.m */ = {isa = PBXFileReference; fileEncoding = 4; lastKnownFileType = sourcecode.c.objc; path = CJSONSerializedData.m; sourceTree = "<group>"; };
		0775CDE0155E60B600275102 /* CDataScanner_Extensions.h */ = {isa = PBXFileReference; fileEncoding = 4; lastKnownFileType = sourcecode.c.h; path = CDataScanner_Extensions.h; sourceTree = "<group>"; };
		0775CDE1155E60B600275102 /* CDataScanner_Extensions.m */ = {isa = PBXFileReference; fileEncoding = 4; lastKnownFileType = sourcecode.c.objc; path = CDataScanner_Extensions.m; sourceTree = "<group>"; };
		0775CDE2155E60B600275102 /* NSDictionary_JSONExtensions.h */ = {isa = PBXFileReference; fileEncoding = 4; lastKnownFileType = sourcecode.c.h; path = NSDictionary_JSONExtensions.h; sourceTree = "<group>"; };
		0775CDE3155E60B600275102 /* NSDictionary_JSONExtensions.m */ = {isa = PBXFileReference; fileEncoding = 4; lastKnownFileType = sourcecode.c.objc; path = NSDictionary_JSONExtensions.m; sourceTree = "<group>"; };
		0775CDE5155E60B600275102 /* CJSONDeserializer.h */ = {isa = PBXFileReference; fileEncoding = 4; lastKnownFileType = sourcecode.c.h; path = CJSONDeserializer.h; sourceTree = "<group>"; };
		0775CDE6155E60B600275102 /* CJSONDeserializer.m */ = {isa = PBXFileReference; fileEncoding = 4; lastKnownFileType = sourcecode.c.objc; path = CJSONDeserializer.m; sourceTree = "<group>"; };
		0775CDE7155E60B600275102 /* CJSONScanner.h */ = {isa = PBXFileReference; fileEncoding = 4; lastKnownFileType = sourcecode.c.h; path = CJSONScanner.h; sourceTree = "<group>"; };
		0775CDE8155E60B600275102 /* CJSONScanner.m */ = {isa = PBXFileReference; fileEncoding = 4; lastKnownFileType = sourcecode.c.objc; path = CJSONScanner.m; sourceTree = "<group>"; };
		0775CDE9155E60B600275102 /* CJSONSerializer.h */ = {isa = PBXFileReference; fileEncoding = 4; lastKnownFileType = sourcecode.c.h; path = CJSONSerializer.h; sourceTree = "<group>"; };
		0775CDEA155E60B600275102 /* CJSONSerializer.m */ = {isa = PBXFileReference; fileEncoding = 4; lastKnownFileType = sourcecode.c.objc; path = CJSONSerializer.m; sourceTree = "<group>"; };
		0775CDEB155E60B600275102 /* JSONRepresentation.h */ = {isa = PBXFileReference; fileEncoding = 4; lastKnownFileType = sourcecode.c.h; path = JSONRepresentation.h; sourceTree = "<group>"; };
		0775CEA6155E616F00275102 /* HttpAsyncConnection.h */ = {isa = PBXFileReference; lastKnownFileType = sourcecode.c.h; name = HttpAsyncConnection.h; path = Util/HttpAsyncConnection.h; sourceTree = "<group>"; };
		0775CEA7155E616F00275102 /* HttpAsyncConnection.m */ = {isa = PBXFileReference; lastKnownFileType = sourcecode.c.objc; name = HttpAsyncConnection.m; path = Util/HttpAsyncConnection.m; sourceTree = "<group>"; };
		078EF935155E6C7D006AC099 /* KWAsyncConnectionDelegate.h */ = {isa = PBXFileReference; lastKnownFileType = sourcecode.c.h; name = KWAsyncConnectionDelegate.h; path = Util/KWAsyncConnectionDelegate.h; sourceTree = "<group>"; };
		078EF93B155E6E13006AC099 /* DictionaryExtention.h */ = {isa = PBXFileReference; lastKnownFileType = sourcecode.c.h; name = DictionaryExtention.h; path = Util/DictionaryExtention.h; sourceTree = "<group>"; };
		078EF93C155E6E13006AC099 /* DictionaryExtention.m */ = {isa = PBXFileReference; lastKnownFileType = sourcecode.c.objc; name = DictionaryExtention.m; path = Util/DictionaryExtention.m; sourceTree = "<group>"; };
		078EF93E155E9049006AC099 /* DAAlarmStandbyView.xib */ = {isa = PBXFileReference; fileEncoding = 4; lastKnownFileType = file.xib; path = DAAlarmStandbyView.xib; sourceTree = "<group>"; };
		078EF940155E9E3A006AC099 /* DARecordManager.h */ = {isa = PBXFileReference; fileEncoding = 4; lastKnownFileType = sourcecode.c.h; name = DARecordManager.h; path = Model/DARecordManager.h; sourceTree = "<group>"; };
		078EF941155E9E3A006AC099 /* DARecordManager.m */ = {isa = PBXFileReference; fileEncoding = 4; lastKnownFileType = sourcecode.c.objc; name = DARecordManager.m; path = Model/DARecordManager.m; sourceTree = "<group>"; };
		078EF956155EAD35006AC099 /* Icon.png */ = {isa = PBXFileReference; lastKnownFileType = image.png; path = Icon.png; sourceTree = "<group>"; };
		078EF959155EAD38006AC099 /* Icon@2x.png */ = {isa = PBXFileReference; lastKnownFileType = image.png; path = "Icon@2x.png"; sourceTree = "<group>"; };
/* End PBXFileReference section */

/* Begin PBXFrameworksBuildPhase section */
		0775CD6A155E1AA800275102 /* Frameworks */ = {
			isa = PBXFrameworksBuildPhase;
			buildActionMask = 2147483647;
			files = (
				0775CDBE155E314500275102 /* AudioToolbox.framework in Frameworks */,
				0775CDBC155E313E00275102 /* AVFoundation.framework in Frameworks */,
				0775CD72155E1AA800275102 /* UIKit.framework in Frameworks */,
				0775CD74155E1AA800275102 /* Foundation.framework in Frameworks */,
				0775CD76155E1AA800275102 /* CoreGraphics.framework in Frameworks */,
			);
			runOnlyForDeploymentPostprocessing = 0;
		};
/* End PBXFrameworksBuildPhase section */

/* Begin PBXGroup section */
		0775CD62155E1AA800275102 = {
			isa = PBXGroup;
			children = (
				078EF959155EAD38006AC099 /* Icon@2x.png */,
				078EF956155EAD35006AC099 /* Icon.png */,
				0775CD77155E1AA800275102 /* DungaAlarm */,
				0775CD70155E1AA800275102 /* Frameworks */,
				0775CD6E155E1AA800275102 /* Products */,
			);
			sourceTree = "<group>";
		};
		0775CD6E155E1AA800275102 /* Products */ = {
			isa = PBXGroup;
			children = (
				0775CD6D155E1AA800275102 /* DungaAlarm.app */,
			);
			name = Products;
			sourceTree = "<group>";
		};
		0775CD70155E1AA800275102 /* Frameworks */ = {
			isa = PBXGroup;
			children = (
				0775CDBD155E314500275102 /* AudioToolbox.framework */,
				0775CDBB155E313D00275102 /* AVFoundation.framework */,
				0775CD71155E1AA800275102 /* UIKit.framework */,
				0775CD73155E1AA800275102 /* Foundation.framework */,
				0775CD75155E1AA800275102 /* CoreGraphics.framework */,
			);
			name = Frameworks;
			sourceTree = "<group>";
		};
		0775CD77155E1AA800275102 /* DungaAlarm */ = {
			isa = PBXGroup;
			children = (
				0775CEA5155E611B00275102 /* Util */,
				0775CDB7155E242D00275102 /* Model */,
				0775CDA4155E1CBF00275102 /* Alerm */,
				0775CDA3155E1CB400275102 /* Record */,
				0775CD80155E1AA800275102 /* DAAppDelegate.h */,
				0775CD81155E1AA800275102 /* DAAppDelegate.m */,
				0775CD86155E1AA800275102 /* first.png */,
				0775CD88155E1AA800275102 /* first@2x.png */,
				0775CD8D155E1AA800275102 /* second.png */,
				0775CD8F155E1AA800275102 /* second@2x.png */,
				0775CDCF155E60B600275102 /* TouchJSON */,
				0775CD78155E1AA800275102 /* Supporting Files */,
			);
			name = DungaAlarm;
			path = DungaAlerm;
			sourceTree = "<group>";
		};
		0775CD78155E1AA800275102 /* Supporting Files */ = {
			isa = PBXGroup;
			children = (
				0775CD79155E1AA800275102 /* DungaAlarm-Info.plist */,
				0775CD7A155E1AA800275102 /* InfoPlist.strings */,
				0775CD7D155E1AA800275102 /* main.m */,
				0775CD7F155E1AA800275102 /* DungaAlarm-Prefix.pch */,
			);
			name = "Supporting Files";
			sourceTree = "<group>";
		};
		0775CDA3155E1CB400275102 /* Record */ = {
			isa = PBXGroup;
			children = (
				0775CDA0155E1CAE00275102 /* DARecordViewController.h */,
				0775CDA1155E1CAE00275102 /* DARecordViewController.m */,
				0775CDAB155E1DB500275102 /* DARecordEditViewController.h */,
				0775CDAC155E1DB500275102 /* DARecordEditViewController.m */,
				0775CDB3155E1E7B00275102 /* DARecordView.xib */,
				0775CDB5155E225000275102 /* DARecordEditView.xib */,
				0775CDC1155E4ABB00275102 /* DAMessageEditViewController.h */,
				0775CDC2155E4ABB00275102 /* DAMessageEditViewController.m */,
				0775CDC3155E4ABC00275102 /* DAMessageEditView.xib */,
			);
			name = Record;
			sourceTree = "<group>";
		};
		0775CDA4155E1CBF00275102 /* Alerm */ = {
			isa = PBXGroup;
			children = (
				0775CDA5155E1D8300275102 /* DAAlarmViewController.h */,
				0775CDA6155E1D8300275102 /* DAAlarmViewController.m */,
				0775CDAE155E1DCA00275102 /* DAAlarmStandbyViewController.h */,
				0775CDAF155E1DCA00275102 /* DAAlarmStandbyViewController.m */,
				0775CDB1155E1E6E00275102 /* DAAlarmView.xib */,
				078EF93E155E9049006AC099 /* DAAlarmStandbyView.xib */,
			);
			name = Alerm;
			sourceTree = "<group>";
		};
		0775CDB7155E242D00275102 /* Model */ = {
			isa = PBXGroup;
			children = (
				0775CDB8155E260000275102 /* DARecord.h */,
				0775CDB9155E260100275102 /* DARecord.m */,
				0775CDC6155E501600275102 /* DAAlarm.h */,
				0775CDC7155E501600275102 /* DAAlarm.m */,
				078EF940155E9E3A006AC099 /* DARecordManager.h */,
				078EF941155E9E3A006AC099 /* DARecordManager.m */,
			);
			name = Model;
			sourceTree = "<group>";
		};
		0775CDCF155E60B600275102 /* TouchJSON */ = {
			isa = PBXGroup;
			children = (
				0775CDD3155E60B600275102 /* Source */,
			);
			path = TouchJSON;
			sourceTree = "<group>";
		};
		0775CDD3155E60B600275102 /* Source */ = {
			isa = PBXGroup;
			children = (
				0775CDD4155E60B600275102 /* CDataScanner.h */,
				0775CDD5155E60B600275102 /* CDataScanner.m */,
				0775CDD6155E60B600275102 /* Experimental */,
				0775CDDF155E60B600275102 /* Extensions */,
				0775CDE4155E60B600275102 /* JSON */,
			);
			path = Source;
			sourceTree = "<group>";
		};
		0775CDD6155E60B600275102 /* Experimental */ = {
			isa = PBXGroup;
			children = (
				0775CDD7155E60B600275102 /* CFilteringJSONSerializer.h */,
				0775CDD8155E60B600275102 /* CFilteringJSONSerializer.m */,
				0775CDD9155E60B600275102 /* CJSONDeserializer_BlocksExtensions.h */,
				0775CDDA155E60B600275102 /* CJSONDeserializer_BlocksExtensions.m */,
				0775CDDB155E60B600275102 /* CJSONSerialization.h */,
				0775CDDC155E60B600275102 /* CJSONSerialization.m */,
				0775CDDD155E60B600275102 /* CJSONSerializedData.h */,
				0775CDDE155E60B600275102 /* CJSONSerializedData.m */,
			);
			path = Experimental;
			sourceTree = "<group>";
		};
		0775CDDF155E60B600275102 /* Extensions */ = {
			isa = PBXGroup;
			children = (
				0775CDE0155E60B600275102 /* CDataScanner_Extensions.h */,
				0775CDE1155E60B600275102 /* CDataScanner_Extensions.m */,
				0775CDE2155E60B600275102 /* NSDictionary_JSONExtensions.h */,
				0775CDE3155E60B600275102 /* NSDictionary_JSONExtensions.m */,
			);
			path = Extensions;
			sourceTree = "<group>";
		};
		0775CDE4155E60B600275102 /* JSON */ = {
			isa = PBXGroup;
			children = (
				0775CDE5155E60B600275102 /* CJSONDeserializer.h */,
				0775CDE6155E60B600275102 /* CJSONDeserializer.m */,
				0775CDE7155E60B600275102 /* CJSONScanner.h */,
				0775CDE8155E60B600275102 /* CJSONScanner.m */,
				0775CDE9155E60B600275102 /* CJSONSerializer.h */,
				0775CDEA155E60B600275102 /* CJSONSerializer.m */,
				0775CDEB155E60B600275102 /* JSONRepresentation.h */,
			);
			path = JSON;
			sourceTree = "<group>";
		};
		0775CEA5155E611B00275102 /* Util */ = {
			isa = PBXGroup;
			children = (
				078EF935155E6C7D006AC099 /* KWAsyncConnectionDelegate.h */,
				0775CEA6155E616F00275102 /* HttpAsyncConnection.h */,
				0775CEA7155E616F00275102 /* HttpAsyncConnection.m */,
				078EF93B155E6E13006AC099 /* DictionaryExtention.h */,
				078EF93C155E6E13006AC099 /* DictionaryExtention.m */,
			);
			name = Util;
			sourceTree = "<group>";
		};
/* End PBXGroup section */

/* Begin PBXNativeTarget section */
		0775CD6C155E1AA800275102 /* DungaAlarm */ = {
			isa = PBXNativeTarget;
			buildConfigurationList = 0775CD99155E1AA800275102 /* Build configuration list for PBXNativeTarget "DungaAlarm" */;
			buildPhases = (
				0775CD69155E1AA800275102 /* Sources */,
				0775CD6A155E1AA800275102 /* Frameworks */,
				0775CD6B155E1AA800275102 /* Resources */,
			);
			buildRules = (
			);
			dependencies = (
			);
			name = DungaAlarm;
			productName = DungaAlerm;
			productReference = 0775CD6D155E1AA800275102 /* DungaAlarm.app */;
			productType = "com.apple.product-type.application";
		};
/* End PBXNativeTarget section */

/* Begin PBXProject section */
		0775CD64155E1AA800275102 /* Project object */ = {
			isa = PBXProject;
			attributes = {
				CLASSPREFIX = DA;
				LastUpgradeCheck = 0430;
				ORGANIZATIONNAME = Kawaz;
			};
			buildConfigurationList = 0775CD67155E1AA800275102 /* Build configuration list for PBXProject "DungaAlarm" */;
			compatibilityVersion = "Xcode 3.2";
			developmentRegion = English;
			hasScannedForEncodings = 0;
			knownRegions = (
				en,
			);
			mainGroup = 0775CD62155E1AA800275102;
			productRefGroup = 0775CD6E155E1AA800275102 /* Products */;
			projectDirPath = "";
			projectRoot = "";
			targets = (
				0775CD6C155E1AA800275102 /* DungaAlarm */,
			);
		};
/* End PBXProject section */

/* Begin PBXResourcesBuildPhase section */
		0775CD6B155E1AA800275102 /* Resources */ = {
			isa = PBXResourcesBuildPhase;
			buildActionMask = 2147483647;
			files = (
				0775CD7C155E1AA800275102 /* InfoPlist.strings in Resources */,
				0775CD87155E1AA800275102 /* first.png in Resources */,
				0775CD89155E1AA800275102 /* first@2x.png in Resources */,
				0775CD8E155E1AA800275102 /* second.png in Resources */,
				0775CD90155E1AA800275102 /* second@2x.png in Resources */,
				0775CDB2155E1E6E00275102 /* DAAlarmView.xib in Resources */,
				0775CDB4155E1E7B00275102 /* DARecordView.xib in Resources */,
				0775CDB6155E225000275102 /* DARecordEditView.xib in Resources */,
				0775CDC5155E4ABC00275102 /* DAMessageEditView.xib in Resources */,
				078EF93F155E9049006AC099 /* DAAlarmStandbyView.xib in Resources */,
				078EF957155EAD35006AC099 /* Icon.png in Resources */,
				078EF95A155EAD38006AC099 /* Icon@2x.png in Resources */,
			);
			runOnlyForDeploymentPostprocessing = 0;
		};
/* End PBXResourcesBuildPhase section */

/* Begin PBXSourcesBuildPhase section */
		0775CD69155E1AA800275102 /* Sources */ = {
			isa = PBXSourcesBuildPhase;
			buildActionMask = 2147483647;
			files = (
				078EF93D155E6E1A006AC099 /* DictionaryExtention.m in Sources */,
				078EF93A155E6DDA006AC099 /* HttpAsyncConnection.m in Sources */,
				0775CD7E155E1AA800275102 /* main.m in Sources */,
				0775CD82155E1AA800275102 /* DAAppDelegate.m in Sources */,
				0775CDA2155E1CAE00275102 /* DARecordViewController.m in Sources */,
				0775CDA7155E1D8300275102 /* DAAlarmViewController.m in Sources */,
				0775CDAD155E1DB500275102 /* DARecordEditViewController.m in Sources */,
				0775CDB0155E1DCA00275102 /* DAAlarmStandbyViewController.m in Sources */,
				0775CDBA155E260100275102 /* DARecord.m in Sources */,
				0775CDC4155E4ABC00275102 /* DAMessageEditViewController.m in Sources */,
				0775CDC8155E501700275102 /* DAAlarm.m in Sources */,
				0775CE4D155E60B600275102 /* CDataScanner.m in Sources */,
				0775CE4E155E60B600275102 /* CFilteringJSONSerializer.m in Sources */,
				0775CE4F155E60B600275102 /* CJSONDeserializer_BlocksExtensions.m in Sources */,
				0775CE50155E60B600275102 /* CJSONSerialization.m in Sources */,
				0775CE51155E60B600275102 /* CJSONSerializedData.m in Sources */,
				0775CE52155E60B600275102 /* CDataScanner_Extensions.m in Sources */,
				0775CE53155E60B600275102 /* NSDictionary_JSONExtensions.m in Sources */,
				0775CE54155E60B600275102 /* CJSONDeserializer.m in Sources */,
				0775CE55155E60B600275102 /* CJSONScanner.m in Sources */,
				0775CE56155E60B600275102 /* CJSONSerializer.m in Sources */,
				078EF942155E9E3A006AC099 /* DARecordManager.m in Sources */,
			);
			runOnlyForDeploymentPostprocessing = 0;
		};
/* End PBXSourcesBuildPhase section */

/* Begin PBXVariantGroup section */
		0775CD7A155E1AA800275102 /* InfoPlist.strings */ = {
			isa = PBXVariantGroup;
			children = (
				0775CD7B155E1AA800275102 /* en */,
			);
			name = InfoPlist.strings;
			sourceTree = "<group>";
		};
/* End PBXVariantGroup section */

/* Begin XCBuildConfiguration section */
		0775CD97155E1AA800275102 /* Debug */ = {
			isa = XCBuildConfiguration;
			buildSettings = {
				ALWAYS_SEARCH_USER_PATHS = NO;
				ARCHS = "$(ARCHS_STANDARD_32_BIT)";
				CLANG_ENABLE_OBJC_ARC = YES;
				"CODE_SIGN_IDENTITY[sdk=iphoneos*]" = "iPhone Developer";
				COPY_PHASE_STRIP = NO;
				GCC_C_LANGUAGE_STANDARD = gnu99;
				GCC_DYNAMIC_NO_PIC = NO;
				GCC_OPTIMIZATION_LEVEL = 0;
				GCC_PREPROCESSOR_DEFINITIONS = (
					"DEBUG=1",
					"$(inherited)",
				);
				GCC_SYMBOLS_PRIVATE_EXTERN = NO;
				GCC_VERSION = com.apple.compilers.llvm.clang.1_0;
				GCC_WARN_ABOUT_RETURN_TYPE = YES;
				GCC_WARN_UNINITIALIZED_AUTOS = YES;
				GCC_WARN_UNUSED_VARIABLE = YES;
				IPHONEOS_DEPLOYMENT_TARGET = 5.1;
				SDKROOT = iphoneos;
			};
			name = Debug;
		};
		0775CD98155E1AA800275102 /* Release */ = {
			isa = XCBuildConfiguration;
			buildSettings = {
				ALWAYS_SEARCH_USER_PATHS = NO;
				ARCHS = "$(ARCHS_STANDARD_32_BIT)";
				CLANG_ENABLE_OBJC_ARC = YES;
				"CODE_SIGN_IDENTITY[sdk=iphoneos*]" = "iPhone Developer";
				COPY_PHASE_STRIP = YES;
				GCC_C_LANGUAGE_STANDARD = gnu99;
				GCC_VERSION = com.apple.compilers.llvm.clang.1_0;
				GCC_WARN_ABOUT_RETURN_TYPE = YES;
				GCC_WARN_UNINITIALIZED_AUTOS = YES;
				GCC_WARN_UNUSED_VARIABLE = YES;
				IPHONEOS_DEPLOYMENT_TARGET = 5.1;
				OTHER_CFLAGS = "-DNS_BLOCK_ASSERTIONS=1";
				SDKROOT = iphoneos;
				VALIDATE_PRODUCT = YES;
			};
			name = Release;
		};
		0775CD9A155E1AA800275102 /* Debug */ = {
			isa = XCBuildConfiguration;
			buildSettings = {
				GCC_PRECOMPILE_PREFIX_HEADER = YES;
				GCC_PREFIX_HEADER = "DungaAlerm/DungaAlarm-Prefix.pch";
				INFOPLIST_FILE = "DungaAlerm/DungaAlarm-Info.plist";
				PRODUCT_NAME = DungaAlarm;
				WRAPPER_EXTENSION = app;
			};
			name = Debug;
		};
		0775CD9B155E1AA800275102 /* Release */ = {
			isa = XCBuildConfiguration;
			buildSettings = {
				GCC_PRECOMPILE_PREFIX_HEADER = YES;
				GCC_PREFIX_HEADER = "DungaAlerm/DungaAlarm-Prefix.pch";
				INFOPLIST_FILE = "DungaAlerm/DungaAlarm-Info.plist";
				PRODUCT_NAME = DungaAlarm;
				WRAPPER_EXTENSION = app;
			};
			name = Release;
		};
/* End XCBuildConfiguration section */

/* Begin XCConfigurationList section */
		0775CD67155E1AA800275102 /* Build configuration list for PBXProject "DungaAlarm" */ = {
			isa = XCConfigurationList;
			buildConfigurations = (
				0775CD97155E1AA800275102 /* Debug */,
				0775CD98155E1AA800275102 /* Release */,
			);
			defaultConfigurationIsVisible = 0;
			defaultConfigurationName = Release;
		};
		0775CD99155E1AA800275102 /* Build configuration list for PBXNativeTarget "DungaAlarm" */ = {
			isa = XCConfigurationList;
			buildConfigurations = (
				0775CD9A155E1AA800275102 /* Debug */,
				0775CD9B155E1AA800275102 /* Release */,
			);
			defaultConfigurationIsVisible = 0;
			defaultConfigurationName = Release;
		};
/* End XCConfigurationList section */
	};
	rootObject = 0775CD64155E1AA800275102 /* Project object */;
}
