// !$*UTF8*$!
{
	archiveVersion = 1;
	classes = {
	};
	objectVersion = 46;
	objects = {

/* Begin PBXBuildFile section */
		0775CD72155E1AA800275102 /* UIKit.framework in Frameworks */ = {isa = PBXBuildFile; fileRef = 0775CD71155E1AA800275102 /* UIKit.framework */; };
		0775CD74155E1AA800275102 /* Foundation.framework in Frameworks */ = {isa = PBXBuildFile; fileRef = 0775CD73155E1AA800275102 /* Foundation.framework */; };
		0775CD76155E1AA800275102 /* CoreGraphics.framework in Frameworks */ = {isa = PBXBuildFile; fileRef = 0775CD75155E1AA800275102 /* CoreGraphics.framework */; };
		0775CDBC155E313E00275102 /* AVFoundation.framework in Frameworks */ = {isa = PBXBuildFile; fileRef = 0775CDBB155E313D00275102 /* AVFoundation.framework */; };
		0775CDBE155E314500275102 /* AudioToolbox.framework in Frameworks */ = {isa = PBXBuildFile; fileRef = 0775CDBD155E314500275102 /* AudioToolbox.framework */; };
		078EF957155EAD35006AC099 /* Icon.png in Resources */ = {isa = PBXBuildFile; fileRef = 078EF956155EAD35006AC099 /* Icon.png */; };
		078EF95A155EAD38006AC099 /* Icon@2x.png in Resources */ = {isa = PBXBuildFile; fileRef = 078EF959155EAD38006AC099 /* Icon@2x.png */; };
		078EFB17155EB2DB006AC099 /* CDataScanner.m in Sources */ = {isa = PBXBuildFile; fileRef = 078EFA9F155EB2DA006AC099 /* CDataScanner.m */; settings = {COMPILER_FLAGS = "-fno-objc-arc"; }; };
		078EFB18155EB2DB006AC099 /* CFilteringJSONSerializer.m in Sources */ = {isa = PBXBuildFile; fileRef = 078EFAA2155EB2DA006AC099 /* CFilteringJSONSerializer.m */; settings = {COMPILER_FLAGS = "-fno-objc-arc"; }; };
		078EFB19155EB2DB006AC099 /* CJSONDeserializer_BlocksExtensions.m in Sources */ = {isa = PBXBuildFile; fileRef = 078EFAA4155EB2DA006AC099 /* CJSONDeserializer_BlocksExtensions.m */; settings = {COMPILER_FLAGS = "-fno-objc-arc"; }; };
		078EFB1A155EB2DB006AC099 /* CJSONSerialization.m in Sources */ = {isa = PBXBuildFile; fileRef = 078EFAA6155EB2DA006AC099 /* CJSONSerialization.m */; settings = {COMPILER_FLAGS = "-fno-objc-arc"; }; };
		078EFB1B155EB2DB006AC099 /* CJSONSerializedData.m in Sources */ = {isa = PBXBuildFile; fileRef = 078EFAA8155EB2DA006AC099 /* CJSONSerializedData.m */; settings = {COMPILER_FLAGS = "-fno-objc-arc"; }; };
		078EFB1C155EB2DB006AC099 /* CDataScanner_Extensions.m in Sources */ = {isa = PBXBuildFile; fileRef = 078EFAAB155EB2DA006AC099 /* CDataScanner_Extensions.m */; settings = {COMPILER_FLAGS = "-fno-objc-arc"; }; };
		078EFB1D155EB2DB006AC099 /* NSDictionary_JSONExtensions.m in Sources */ = {isa = PBXBuildFile; fileRef = 078EFAAD155EB2DA006AC099 /* NSDictionary_JSONExtensions.m */; settings = {COMPILER_FLAGS = "-fno-objc-arc"; }; };
		078EFB1E155EB2DB006AC099 /* CJSONDeserializer.m in Sources */ = {isa = PBXBuildFile; fileRef = 078EFAB0155EB2DA006AC099 /* CJSONDeserializer.m */; settings = {COMPILER_FLAGS = "-fno-objc-arc"; }; };
		078EFB1F155EB2DB006AC099 /* CJSONScanner.m in Sources */ = {isa = PBXBuildFile; fileRef = 078EFAB2155EB2DA006AC099 /* CJSONScanner.m */; settings = {COMPILER_FLAGS = "-fno-objc-arc"; }; };
		078EFB20155EB2DB006AC099 /* CJSONSerializer.m in Sources */ = {isa = PBXBuildFile; fileRef = 078EFAB4155EB2DA006AC099 /* CJSONSerializer.m */; settings = {COMPILER_FLAGS = "-fno-objc-arc"; }; };
		078EFB99155EB42C006AC099 /* DAAlarm.m in Sources */ = {isa = PBXBuildFile; fileRef = 078EFB71155EB42C006AC099 /* DAAlarm.m */; };
		078EFB9A155EB42C006AC099 /* DAAlarmStandbyView.xib in Resources */ = {isa = PBXBuildFile; fileRef = 078EFB72155EB42C006AC099 /* DAAlarmStandbyView.xib */; };
		078EFB9B155EB42C006AC099 /* DAAlarmStandbyViewController.m in Sources */ = {isa = PBXBuildFile; fileRef = 078EFB74155EB42C006AC099 /* DAAlarmStandbyViewController.m */; };
		078EFB9C155EB42C006AC099 /* DAAlarmView.xib in Resources */ = {isa = PBXBuildFile; fileRef = 078EFB75155EB42C006AC099 /* DAAlarmView.xib */; };
		078EFB9D155EB42C006AC099 /* DAAlarmViewController.m in Sources */ = {isa = PBXBuildFile; fileRef = 078EFB77155EB42C006AC099 /* DAAlarmViewController.m */; };
		078EFB9E155EB42C006AC099 /* DAAppDelegate.m in Sources */ = {isa = PBXBuildFile; fileRef = 078EFB79155EB42C006AC099 /* DAAppDelegate.m */; };
		078EFB9F155EB42C006AC099 /* DARecordEditView.xib in Resources */ = {isa = PBXBuildFile; fileRef = 078EFB7A155EB42C006AC099 /* DARecordEditView.xib */; };
		078EFBA0155EB42C006AC099 /* DARecordEditViewController.m in Sources */ = {isa = PBXBuildFile; fileRef = 078EFB7C155EB42C006AC099 /* DARecordEditViewController.m */; };
		078EFBA1155EB42C006AC099 /* DARecordView.xib in Resources */ = {isa = PBXBuildFile; fileRef = 078EFB7D155EB42C006AC099 /* DARecordView.xib */; };
		078EFBA2155EB42C006AC099 /* DungaAlarm-Info.plist in Resources */ = {isa = PBXBuildFile; fileRef = 078EFB7E155EB42C006AC099 /* DungaAlarm-Info.plist */; };
		078EFBA3155EB42C006AC099 /* InfoPlist.strings in Resources */ = {isa = PBXBuildFile; fileRef = 078EFB80155EB42C006AC099 /* InfoPlist.strings */; };
		078EFBA4155EB42C006AC099 /* main.m in Sources */ = {isa = PBXBuildFile; fileRef = 078EFB82155EB42C006AC099 /* main.m */; };
		078EFBA5155EB42C006AC099 /* DARecord.m in Sources */ = {isa = PBXBuildFile; fileRef = 078EFB85155EB42C006AC099 /* DARecord.m */; };
		078EFBA6155EB42C006AC099 /* DARecordManager.m in Sources */ = {isa = PBXBuildFile; fileRef = 078EFB87155EB42C006AC099 /* DARecordManager.m */; };
		078EFBA7155EB42C006AC099 /* DAMessageEditView.xib in Resources */ = {isa = PBXBuildFile; fileRef = 078EFB89155EB42C006AC099 /* DAMessageEditView.xib */; };
		078EFBA8155EB42C006AC099 /* DAMessageEditViewController.m in Sources */ = {isa = PBXBuildFile; fileRef = 078EFB8B155EB42C006AC099 /* DAMessageEditViewController.m */; };
		078EFBA9155EB42C006AC099 /* DARecordViewController.m in Sources */ = {isa = PBXBuildFile; fileRef = 078EFB8D155EB42C006AC099 /* DARecordViewController.m */; };
		078EFBAA155EB42C006AC099 /* Default.png in Resources */ = {isa = PBXBuildFile; fileRef = 078EFB8F155EB42C006AC099 /* Default.png */; };
		078EFBAB155EB42C006AC099 /* Default@2X.png in Resources */ = {isa = PBXBuildFile; fileRef = 078EFB90155EB42C006AC099 /* Default@2X.png */; };
		078EFBAC155EB42C006AC099 /* Icon.png in Resources */ = {isa = PBXBuildFile; fileRef = 078EFB91155EB42C006AC099 /* Icon.png */; };
		078EFBAD155EB42C006AC099 /* Icon@2x.png in Resources */ = {isa = PBXBuildFile; fileRef = 078EFB92155EB42C006AC099 /* Icon@2x.png */; };
		078EFBAE155EB42C006AC099 /* DictionaryExtention.m in Sources */ = {isa = PBXBuildFile; fileRef = 078EFB95155EB42C006AC099 /* DictionaryExtention.m */; };
		078EFBAF155EB42C006AC099 /* HttpAsyncConnection.m in Sources */ = {isa = PBXBuildFile; fileRef = 078EFB97155EB42C006AC099 /* HttpAsyncConnection.m */; };
/* End PBXBuildFile section */

/* Begin PBXFileReference section */
		0775CD6D155E1AA800275102 /* DungaAlarm.app */ = {isa = PBXFileReference; explicitFileType = wrapper.application; includeInIndex = 0; path = DungaAlarm.app; sourceTree = BUILT_PRODUCTS_DIR; };
		0775CD71155E1AA800275102 /* UIKit.framework */ = {isa = PBXFileReference; lastKnownFileType = wrapper.framework; name = UIKit.framework; path = System/Library/Frameworks/UIKit.framework; sourceTree = SDKROOT; };
		0775CD73155E1AA800275102 /* Foundation.framework */ = {isa = PBXFileReference; lastKnownFileType = wrapper.framework; name = Foundation.framework; path = System/Library/Frameworks/Foundation.framework; sourceTree = SDKROOT; };
		0775CD75155E1AA800275102 /* CoreGraphics.framework */ = {isa = PBXFileReference; lastKnownFileType = wrapper.framework; name = CoreGraphics.framework; path = System/Library/Frameworks/CoreGraphics.framework; sourceTree = SDKROOT; };
		0775CDBB155E313D00275102 /* AVFoundation.framework */ = {isa = PBXFileReference; lastKnownFileType = wrapper.framework; name = AVFoundation.framework; path = System/Library/Frameworks/AVFoundation.framework; sourceTree = SDKROOT; };
		0775CDBD155E314500275102 /* AudioToolbox.framework */ = {isa = PBXFileReference; lastKnownFileType = wrapper.framework; name = AudioToolbox.framework; path = System/Library/Frameworks/AudioToolbox.framework; sourceTree = SDKROOT; };
		078EF956155EAD35006AC099 /* Icon.png */ = {isa = PBXFileReference; lastKnownFileType = image.png; path = Icon.png; sourceTree = "<group>"; };
		078EF959155EAD38006AC099 /* Icon@2x.png */ = {isa = PBXFileReference; lastKnownFileType = image.png; path = "Icon@2x.png"; sourceTree = "<group>"; };
		078EFA9E155EB2DA006AC099 /* CDataScanner.h */ = {isa = PBXFileReference; fileEncoding = 4; lastKnownFileType = sourcecode.c.h; path = CDataScanner.h; sourceTree = "<group>"; };
		078EFA9F155EB2DA006AC099 /* CDataScanner.m */ = {isa = PBXFileReference; fileEncoding = 4; lastKnownFileType = sourcecode.c.objc; path = CDataScanner.m; sourceTree = "<group>"; };
		078EFAA1155EB2DA006AC099 /* CFilteringJSONSerializer.h */ = {isa = PBXFileReference; fileEncoding = 4; lastKnownFileType = sourcecode.c.h; path = CFilteringJSONSerializer.h; sourceTree = "<group>"; };
		078EFAA2155EB2DA006AC099 /* CFilteringJSONSerializer.m */ = {isa = PBXFileReference; fileEncoding = 4; lastKnownFileType = sourcecode.c.objc; path = CFilteringJSONSerializer.m; sourceTree = "<group>"; };
		078EFAA3155EB2DA006AC099 /* CJSONDeserializer_BlocksExtensions.h */ = {isa = PBXFileReference; fileEncoding = 4; lastKnownFileType = sourcecode.c.h; path = CJSONDeserializer_BlocksExtensions.h; sourceTree = "<group>"; };
		078EFAA4155EB2DA006AC099 /* CJSONDeserializer_BlocksExtensions.m */ = {isa = PBXFileReference; fileEncoding = 4; lastKnownFileType = sourcecode.c.objc; path = CJSONDeserializer_BlocksExtensions.m; sourceTree = "<group>"; };
		078EFAA5155EB2DA006AC099 /* CJSONSerialization.h */ = {isa = PBXFileReference; fileEncoding = 4; lastKnownFileType = sourcecode.c.h; path = CJSONSerialization.h; sourceTree = "<group>"; };
		078EFAA6155EB2DA006AC099 /* CJSONSerialization.m */ = {isa = PBXFileReference; fileEncoding = 4; lastKnownFileType = sourcecode.c.objc; path = CJSONSerialization.m; sourceTree = "<group>"; };
		078EFAA7155EB2DA006AC099 /* CJSONSerializedData.h */ = {isa = PBXFileReference; fileEncoding = 4; lastKnownFileType = sourcecode.c.h; path = CJSONSerializedData.h; sourceTree = "<group>"; };
		078EFAA8155EB2DA006AC099 /* CJSONSerializedData.m */ = {isa = PBXFileReference; fileEncoding = 4; lastKnownFileType = sourcecode.c.objc; path = CJSONSerializedData.m; sourceTree = "<group>"; };
		078EFAAA155EB2DA006AC099 /* CDataScanner_Extensions.h */ = {isa = PBXFileReference; fileEncoding = 4; lastKnownFileType = sourcecode.c.h; path = CDataScanner_Extensions.h; sourceTree = "<group>"; };
		078EFAAB155EB2DA006AC099 /* CDataScanner_Extensions.m */ = {isa = PBXFileReference; fileEncoding = 4; lastKnownFileType = sourcecode.c.objc; path = CDataScanner_Extensions.m; sourceTree = "<group>"; };
		078EFAAC155EB2DA006AC099 /* NSDictionary_JSONExtensions.h */ = {isa = PBXFileReference; fileEncoding = 4; lastKnownFileType = sourcecode.c.h; path = NSDictionary_JSONExtensions.h; sourceTree = "<group>"; };
		078EFAAD155EB2DA006AC099 /* NSDictionary_JSONExtensions.m */ = {isa = PBXFileReference; fileEncoding = 4; lastKnownFileType = sourcecode.c.objc; path = NSDictionary_JSONExtensions.m; sourceTree = "<group>"; };
		078EFAAF155EB2DA006AC099 /* CJSONDeserializer.h */ = {isa = PBXFileReference; fileEncoding = 4; lastKnownFileType = sourcecode.c.h; path = CJSONDeserializer.h; sourceTree = "<group>"; };
		078EFAB0155EB2DA006AC099 /* CJSONDeserializer.m */ = {isa = PBXFileReference; fileEncoding = 4; lastKnownFileType = sourcecode.c.objc; path = CJSONDeserializer.m; sourceTree = "<group>"; };
		078EFAB1155EB2DA006AC099 /* CJSONScanner.h */ = {isa = PBXFileReference; fileEncoding = 4; lastKnownFileType = sourcecode.c.h; path = CJSONScanner.h; sourceTree = "<group>"; };
		078EFAB2155EB2DA006AC099 /* CJSONScanner.m */ = {isa = PBXFileReference; fileEncoding = 4; lastKnownFileType = sourcecode.c.objc; path = CJSONScanner.m; sourceTree = "<group>"; };
		078EFAB3155EB2DA006AC099 /* CJSONSerializer.h */ = {isa = PBXFileReference; fileEncoding = 4; lastKnownFileType = sourcecode.c.h; path = CJSONSerializer.h; sourceTree = "<group>"; };
		078EFAB4155EB2DA006AC099 /* CJSONSerializer.m */ = {isa = PBXFileReference; fileEncoding = 4; lastKnownFileType = sourcecode.c.objc; path = CJSONSerializer.m; sourceTree = "<group>"; };
		078EFAB5155EB2DA006AC099 /* JSONRepresentation.h */ = {isa = PBXFileReference; fileEncoding = 4; lastKnownFileType = sourcecode.c.h; path = JSONRepresentation.h; sourceTree = "<group>"; };
		078EFB70155EB42C006AC099 /* DAAlarm.h */ = {isa = PBXFileReference; fileEncoding = 4; lastKnownFileType = sourcecode.c.h; path = DAAlarm.h; sourceTree = "<group>"; };
		078EFB71155EB42C006AC099 /* DAAlarm.m */ = {isa = PBXFileReference; fileEncoding = 4; lastKnownFileType = sourcecode.c.objc; path = DAAlarm.m; sourceTree = "<group>"; };
		078EFB72155EB42C006AC099 /* DAAlarmStandbyView.xib */ = {isa = PBXFileReference; fileEncoding = 4; lastKnownFileType = file.xib; path = DAAlarmStandbyView.xib; sourceTree = "<group>"; };
		078EFB73155EB42C006AC099 /* DAAlarmStandbyViewController.h */ = {isa = PBXFileReference; fileEncoding = 4; lastKnownFileType = sourcecode.c.h; path = DAAlarmStandbyViewController.h; sourceTree = "<group>"; };
		078EFB74155EB42C006AC099 /* DAAlarmStandbyViewController.m */ = {isa = PBXFileReference; fileEncoding = 4; lastKnownFileType = sourcecode.c.objc; path = DAAlarmStandbyViewController.m; sourceTree = "<group>"; };
		078EFB75155EB42C006AC099 /* DAAlarmView.xib */ = {isa = PBXFileReference; fileEncoding = 4; lastKnownFileType = file.xib; path = DAAlarmView.xib; sourceTree = "<group>"; };
		078EFB76155EB42C006AC099 /* DAAlarmViewController.h */ = {isa = PBXFileReference; fileEncoding = 4; lastKnownFileType = sourcecode.c.h; path = DAAlarmViewController.h; sourceTree = "<group>"; };
		078EFB77155EB42C006AC099 /* DAAlarmViewController.m */ = {isa = PBXFileReference; fileEncoding = 4; lastKnownFileType = sourcecode.c.objc; path = DAAlarmViewController.m; sourceTree = "<group>"; };
		078EFB78155EB42C006AC099 /* DAAppDelegate.h */ = {isa = PBXFileReference; fileEncoding = 4; lastKnownFileType = sourcecode.c.h; path = DAAppDelegate.h; sourceTree = "<group>"; };
		078EFB79155EB42C006AC099 /* DAAppDelegate.m */ = {isa = PBXFileReference; fileEncoding = 4; lastKnownFileType = sourcecode.c.objc; path = DAAppDelegate.m; sourceTree = "<group>"; };
		078EFB7A155EB42C006AC099 /* DARecordEditView.xib */ = {isa = PBXFileReference; fileEncoding = 4; lastKnownFileType = file.xib; name = DARecordEditView.xib; path = ../DARecordEditView.xib; sourceTree = "<group>"; };
		078EFB7B155EB42C006AC099 /* DARecordEditViewController.h */ = {isa = PBXFileReference; fileEncoding = 4; lastKnownFileType = sourcecode.c.h; name = DARecordEditViewController.h; path = ../DARecordEditViewController.h; sourceTree = "<group>"; };
		078EFB7C155EB42C006AC099 /* DARecordEditViewController.m */ = {isa = PBXFileReference; fileEncoding = 4; lastKnownFileType = sourcecode.c.objc; name = DARecordEditViewController.m; path = ../DARecordEditViewController.m; sourceTree = "<group>"; };
		078EFB7D155EB42C006AC099 /* DARecordView.xib */ = {isa = PBXFileReference; fileEncoding = 4; lastKnownFileType = file.xib; name = DARecordView.xib; path = ../DARecordView.xib; sourceTree = "<group>"; };
		078EFB7E155EB42C006AC099 /* DungaAlarm-Info.plist */ = {isa = PBXFileReference; fileEncoding = 4; lastKnownFileType = text.plist.xml; path = "DungaAlarm-Info.plist"; sourceTree = "<group>"; };
		078EFB7F155EB42C006AC099 /* DungaAlarm-Prefix.pch */ = {isa = PBXFileReference; fileEncoding = 4; lastKnownFileType = sourcecode.c.h; path = "DungaAlarm-Prefix.pch"; sourceTree = "<group>"; };
		078EFB81155EB42C006AC099 /* en */ = {isa = PBXFileReference; lastKnownFileType = text.plist.strings; name = en; path = en.lproj/InfoPlist.strings; sourceTree = "<group>"; };
		078EFB82155EB42C006AC099 /* main.m */ = {isa = PBXFileReference; fileEncoding = 4; lastKnownFileType = sourcecode.c.objc; path = main.m; sourceTree = "<group>"; };
		078EFB84155EB42C006AC099 /* DARecord.h */ = {isa = PBXFileReference; fileEncoding = 4; lastKnownFileType = sourcecode.c.h; path = DARecord.h; sourceTree = "<group>"; };
		078EFB85155EB42C006AC099 /* DARecord.m */ = {isa = PBXFileReference; fileEncoding = 4; lastKnownFileType = sourcecode.c.objc; path = DARecord.m; sourceTree = "<group>"; };
		078EFB86155EB42C006AC099 /* DARecordManager.h */ = {isa = PBXFileReference; fileEncoding = 4; lastKnownFileType = sourcecode.c.h; path = DARecordManager.h; sourceTree = "<group>"; };
		078EFB87155EB42C006AC099 /* DARecordManager.m */ = {isa = PBXFileReference; fileEncoding = 4; lastKnownFileType = sourcecode.c.objc; path = DARecordManager.m; sourceTree = "<group>"; };
		078EFB89155EB42C006AC099 /* DAMessageEditView.xib */ = {isa = PBXFileReference; fileEncoding = 4; lastKnownFileType = file.xib; path = DAMessageEditView.xib; sourceTree = "<group>"; };
		078EFB8A155EB42C006AC099 /* DAMessageEditViewController.h */ = {isa = PBXFileReference; fileEncoding = 4; lastKnownFileType = sourcecode.c.h; path = DAMessageEditViewController.h; sourceTree = "<group>"; };
		078EFB8B155EB42C006AC099 /* DAMessageEditViewController.m */ = {isa = PBXFileReference; fileEncoding = 4; lastKnownFileType = sourcecode.c.objc; path = DAMessageEditViewController.m; sourceTree = "<group>"; };
		078EFB8C155EB42C006AC099 /* DARecordViewController.h */ = {isa = PBXFileReference; fileEncoding = 4; lastKnownFileType = sourcecode.c.h; path = DARecordViewController.h; sourceTree = "<group>"; };
		078EFB8D155EB42C006AC099 /* DARecordViewController.m */ = {isa = PBXFileReference; fileEncoding = 4; lastKnownFileType = sourcecode.c.objc; path = DARecordViewController.m; sourceTree = "<group>"; };
		078EFB8F155EB42C006AC099 /* Default.png */ = {isa = PBXFileReference; lastKnownFileType = image.png; path = Default.png; sourceTree = "<group>"; };
		078EFB90155EB42C006AC099 /* Default@2X.png */ = {isa = PBXFileReference; lastKnownFileType = image.png; path = "Default@2X.png"; sourceTree = "<group>"; };
		078EFB91155EB42C006AC099 /* Icon.png */ = {isa = PBXFileReference; lastKnownFileType = image.png; path = Icon.png; sourceTree = "<group>"; };
		078EFB92155EB42C006AC099 /* Icon@2x.png */ = {isa = PBXFileReference; lastKnownFileType = image.png; path = "Icon@2x.png"; sourceTree = "<group>"; };
		078EFB94155EB42C006AC099 /* DictionaryExtention.h */ = {isa = PBXFileReference; fileEncoding = 4; lastKnownFileType = sourcecode.c.h; path = DictionaryExtention.h; sourceTree = "<group>"; };
		078EFB95155EB42C006AC099 /* DictionaryExtention.m */ = {isa = PBXFileReference; fileEncoding = 4; lastKnownFileType = sourcecode.c.objc; path = DictionaryExtention.m; sourceTree = "<group>"; };
		078EFB96155EB42C006AC099 /* HttpAsyncConnection.h */ = {isa = PBXFileReference; fileEncoding = 4; lastKnownFileType = sourcecode.c.h; path = HttpAsyncConnection.h; sourceTree = "<group>"; };
		078EFB97155EB42C006AC099 /* HttpAsyncConnection.m */ = {isa = PBXFileReference; fileEncoding = 4; lastKnownFileType = sourcecode.c.objc; path = HttpAsyncConnection.m; sourceTree = "<group>"; };
		078EFB98155EB42C006AC099 /* KWAsyncConnectionDelegate.h */ = {isa = PBXFileReference; fileEncoding = 4; lastKnownFileType = sourcecode.c.h; path = KWAsyncConnectionDelegate.h; sourceTree = "<group>"; };
/* End PBXFileReference section */

/* Begin PBXFrameworksBuildPhase section */
		0775CD6A155E1AA800275102 /* Frameworks */ = {
			isa = PBXFrameworksBuildPhase;
			buildActionMask = 2147483647;
			files = (
				0775CDBE155E314500275102 /* AudioToolbox.framework in Frameworks */,
				0775CDBC155E313E00275102 /* AVFoundation.framework in Frameworks */,
				0775CD72155E1AA800275102 /* UIKit.framework in Frameworks */,
				0775CD74155E1AA800275102 /* Foundation.framework in Frameworks */,
				0775CD76155E1AA800275102 /* CoreGraphics.framework in Frameworks */,
			);
			runOnlyForDeploymentPostprocessing = 0;
		};
/* End PBXFrameworksBuildPhase section */

/* Begin PBXGroup section */
		0775CD62155E1AA800275102 = {
			isa = PBXGroup;
			children = (
				078EF959155EAD38006AC099 /* Icon@2x.png */,
				078EF956155EAD35006AC099 /* Icon.png */,
				078EFB6F155EB42C006AC099 /* DungaAlarm */,
				078EFA99155EB2DA006AC099 /* TouchJSON */,
				0775CD70155E1AA800275102 /* Frameworks */,
				0775CD6E155E1AA800275102 /* Products */,
			);
			sourceTree = "<group>";
		};
		0775CD6E155E1AA800275102 /* Products */ = {
			isa = PBXGroup;
			children = (
				0775CD6D155E1AA800275102 /* DungaAlarm.app */,
			);
			name = Products;
			sourceTree = "<group>";
		};
		0775CD70155E1AA800275102 /* Frameworks */ = {
			isa = PBXGroup;
			children = (
				0775CDBD155E314500275102 /* AudioToolbox.framework */,
				0775CDBB155E313D00275102 /* AVFoundation.framework */,
				0775CD71155E1AA800275102 /* UIKit.framework */,
				0775CD73155E1AA800275102 /* Foundation.framework */,
				0775CD75155E1AA800275102 /* CoreGraphics.framework */,
			);
			name = Frameworks;
			sourceTree = "<group>";
		};
		078EFA99155EB2DA006AC099 /* TouchJSON */ = {
			isa = PBXGroup;
			children = (
				078EFA9D155EB2DA006AC099 /* Source */,
			);
			path = TouchJSON;
			sourceTree = "<group>";
		};
		078EFA9D155EB2DA006AC099 /* Source */ = {
			isa = PBXGroup;
			children = (
				078EFA9E155EB2DA006AC099 /* CDataScanner.h */,
				078EFA9F155EB2DA006AC099 /* CDataScanner.m */,
				078EFAA0155EB2DA006AC099 /* Experimental */,
				078EFAA9155EB2DA006AC099 /* Extensions */,
				078EFAAE155EB2DA006AC099 /* JSON */,
			);
			path = Source;
			sourceTree = "<group>";
		};
		078EFAA0155EB2DA006AC099 /* Experimental */ = {
			isa = PBXGroup;
			children = (
				078EFAA1155EB2DA006AC099 /* CFilteringJSONSerializer.h */,
				078EFAA2155EB2DA006AC099 /* CFilteringJSONSerializer.m */,
				078EFAA3155EB2DA006AC099 /* CJSONDeserializer_BlocksExtensions.h */,
				078EFAA4155EB2DA006AC099 /* CJSONDeserializer_BlocksExtensions.m */,
				078EFAA5155EB2DA006AC099 /* CJSONSerialization.h */,
				078EFAA6155EB2DA006AC099 /* CJSONSerialization.m */,
				078EFAA7155EB2DA006AC099 /* CJSONSerializedData.h */,
				078EFAA8155EB2DA006AC099 /* CJSONSerializedData.m */,
			);
			path = Experimental;
			sourceTree = "<group>";
		};
		078EFAA9155EB2DA006AC099 /* Extensions */ = {
			isa = PBXGroup;
			children = (
				078EFAAA155EB2DA006AC099 /* CDataScanner_Extensions.h */,
				078EFAAB155EB2DA006AC099 /* CDataScanner_Extensions.m */,
				078EFAAC155EB2DA006AC099 /* NSDictionary_JSONExtensions.h */,
				078EFAAD155EB2DA006AC099 /* NSDictionary_JSONExtensions.m */,
			);
			path = Extensions;
			sourceTree = "<group>";
		};
		078EFAAE155EB2DA006AC099 /* JSON */ = {
			isa = PBXGroup;
			children = (
				078EFAAF155EB2DA006AC099 /* CJSONDeserializer.h */,
				078EFAB0155EB2DA006AC099 /* CJSONDeserializer.m */,
				078EFAB1155EB2DA006AC099 /* CJSONScanner.h */,
				078EFAB2155EB2DA006AC099 /* CJSONScanner.m */,
				078EFAB3155EB2DA006AC099 /* CJSONSerializer.h */,
				078EFAB4155EB2DA006AC099 /* CJSONSerializer.m */,
				078EFAB5155EB2DA006AC099 /* JSONRepresentation.h */,
			);
			path = JSON;
			sourceTree = "<group>";
		};
		078EFB6F155EB42C006AC099 /* DungaAlarm */ = {
			isa = PBXGroup;
			children = (
				078EFBB1155EB44A006AC099 /* Supporting Files */,
				078EFBB0155EB433006AC099 /* Alarm */,
				078EFB78155EB42C006AC099 /* DAAppDelegate.h */,
				078EFB79155EB42C006AC099 /* DAAppDelegate.m */,
				078EFB83155EB42C006AC099 /* Model */,
				078EFB88155EB42C006AC099 /* Record */,
				078EFB8E155EB42C006AC099 /* Resource */,
				078EFB93155EB42C006AC099 /* Util */,
			);
			path = DungaAlarm;
			sourceTree = "<group>";
		};
		078EFB83155EB42C006AC099 /* Model */ = {
			isa = PBXGroup;
			children = (
				078EFB84155EB42C006AC099 /* DARecord.h */,
				078EFB85155EB42C006AC099 /* DARecord.m */,
				078EFB86155EB42C006AC099 /* DARecordManager.h */,
				078EFB87155EB42C006AC099 /* DARecordManager.m */,
			);
			path = Model;
			sourceTree = "<group>";
		};
		078EFB88155EB42C006AC099 /* Record */ = {
			isa = PBXGroup;
			children = (
				078EFB7A155EB42C006AC099 /* DARecordEditView.xib */,
				078EFB7B155EB42C006AC099 /* DARecordEditViewController.h */,
				078EFB7C155EB42C006AC099 /* DARecordEditViewController.m */,
				078EFB7D155EB42C006AC099 /* DARecordView.xib */,
				078EFB89155EB42C006AC099 /* DAMessageEditView.xib */,
				078EFB8A155EB42C006AC099 /* DAMessageEditViewController.h */,
				078EFB8B155EB42C006AC099 /* DAMessageEditViewController.m */,
				078EFB8C155EB42C006AC099 /* DARecordViewController.h */,
				078EFB8D155EB42C006AC099 /* DARecordViewController.m */,
			);
			path = Record;
			sourceTree = "<group>";
		};
		078EFB8E155EB42C006AC099 /* Resource */ = {
			isa = PBXGroup;
			children = (
				078EFB8F155EB42C006AC099 /* Default.png */,
				078EFB90155EB42C006AC099 /* Default@2X.png */,
				078EFB91155EB42C006AC099 /* Icon.png */,
				078EFB92155EB42C006AC099 /* Icon@2x.png */,
			);
			path = Resource;
			sourceTree = "<group>";
		};
		078EFB93155EB42C006AC099 /* Util */ = {
			isa = PBXGroup;
			children = (
				078EFB94155EB42C006AC099 /* DictionaryExtention.h */,
				078EFB95155EB42C006AC099 /* DictionaryExtention.m */,
				078EFB96155EB42C006AC099 /* HttpAsyncConnection.h */,
				078EFB97155EB42C006AC099 /* HttpAsyncConnection.m */,
				078EFB98155EB42C006AC099 /* KWAsyncConnectionDelegate.h */,
			);
			path = Util;
			sourceTree = "<group>";
		};
		078EFBB0155EB433006AC099 /* Alarm */ = {
			isa = PBXGroup;
			children = (
				078EFB70155EB42C006AC099 /* DAAlarm.h */,
				078EFB71155EB42C006AC099 /* DAAlarm.m */,
				078EFB72155EB42C006AC099 /* DAAlarmStandbyView.xib */,
				078EFB73155EB42C006AC099 /* DAAlarmStandbyViewController.h */,
				078EFB74155EB42C006AC099 /* DAAlarmStandbyViewController.m */,
				078EFB75155EB42C006AC099 /* DAAlarmView.xib */,
				078EFB76155EB42C006AC099 /* DAAlarmViewController.h */,
				078EFB77155EB42C006AC099 /* DAAlarmViewController.m */,
			);
			name = Alarm;
			sourceTree = "<group>";
		};
		078EFBB1155EB44A006AC099 /* Supporting Files */ = {
			isa = PBXGroup;
			children = (
				078EFB7E155EB42C006AC099 /* DungaAlarm-Info.plist */,
				078EFB7F155EB42C006AC099 /* DungaAlarm-Prefix.pch */,
				078EFB80155EB42C006AC099 /* InfoPlist.strings */,
				078EFB82155EB42C006AC099 /* main.m */,
			);
			name = "Supporting Files";
			sourceTree = "<group>";
		};
/* End PBXGroup section */

/* Begin PBXNativeTarget section */
		0775CD6C155E1AA800275102 /* DungaAlarm */ = {
			isa = PBXNativeTarget;
			buildConfigurationList = 0775CD99155E1AA800275102 /* Build configuration list for PBXNativeTarget "DungaAlarm" */;
			buildPhases = (
				0775CD69155E1AA800275102 /* Sources */,
				0775CD6A155E1AA800275102 /* Frameworks */,
				0775CD6B155E1AA800275102 /* Resources */,
			);
			buildRules = (
			);
			dependencies = (
			);
			name = DungaAlarm;
			productName = DungaAlerm;
			productReference = 0775CD6D155E1AA800275102 /* DungaAlarm.app */;
			productType = "com.apple.product-type.application";
		};
/* End PBXNativeTarget section */

/* Begin PBXProject section */
		0775CD64155E1AA800275102 /* Project object */ = {
			isa = PBXProject;
			attributes = {
				CLASSPREFIX = DA;
				LastUpgradeCheck = 0430;
				ORGANIZATIONNAME = Kawaz;
			};
			buildConfigurationList = 0775CD67155E1AA800275102 /* Build configuration list for PBXProject "DungaAlarm" */;
			compatibilityVersion = "Xcode 3.2";
			developmentRegion = English;
			hasScannedForEncodings = 0;
			knownRegions = (
				en,
			);
			mainGroup = 0775CD62155E1AA800275102;
			productRefGroup = 0775CD6E155E1AA800275102 /* Products */;
			projectDirPath = "";
			projectRoot = "";
			targets = (
				0775CD6C155E1AA800275102 /* DungaAlarm */,
			);
		};
/* End PBXProject section */

/* Begin PBXResourcesBuildPhase section */
		0775CD6B155E1AA800275102 /* Resources */ = {
			isa = PBXResourcesBuildPhase;
			buildActionMask = 2147483647;
			files = (
				078EF957155EAD35006AC099 /* Icon.png in Resources */,
				078EF95A155EAD38006AC099 /* Icon@2x.png in Resources */,
				078EFB9A155EB42C006AC099 /* DAAlarmStandbyView.xib in Resources */,
				078EFB9C155EB42C006AC099 /* DAAlarmView.xib in Resources */,
				078EFB9F155EB42C006AC099 /* DARecordEditView.xib in Resources */,
				078EFBA1155EB42C006AC099 /* DARecordView.xib in Resources */,
				078EFBA2155EB42C006AC099 /* DungaAlarm-Info.plist in Resources */,
				078EFBA3155EB42C006AC099 /* InfoPlist.strings in Resources */,
				078EFBA7155EB42C006AC099 /* DAMessageEditView.xib in Resources */,
				078EFBAA155EB42C006AC099 /* Default.png in Resources */,
				078EFBAB155EB42C006AC099 /* Default@2X.png in Resources */,
				078EFBAC155EB42C006AC099 /* Icon.png in Resources */,
				078EFBAD155EB42C006AC099 /* Icon@2x.png in Resources */,
			);
			runOnlyForDeploymentPostprocessing = 0;
		};
/* End PBXResourcesBuildPhase section */

/* Begin PBXSourcesBuildPhase section */
		0775CD69155E1AA800275102 /* Sources */ = {
			isa = PBXSourcesBuildPhase;
			buildActionMask = 2147483647;
			files = (
				078EFB17155EB2DB006AC099 /* CDataScanner.m in Sources */,
				078EFB18155EB2DB006AC099 /* CFilteringJSONSerializer.m in Sources */,
				078EFB19155EB2DB006AC099 /* CJSONDeserializer_BlocksExtensions.m in Sources */,
				078EFB1A155EB2DB006AC099 /* CJSONSerialization.m in Sources */,
				078EFB1B155EB2DB006AC099 /* CJSONSerializedData.m in Sources */,
				078EFB1C155EB2DB006AC099 /* CDataScanner_Extensions.m in Sources */,
				078EFB1D155EB2DB006AC099 /* NSDictionary_JSONExtensions.m in Sources */,
				078EFB1E155EB2DB006AC099 /* CJSONDeserializer.m in Sources */,
				078EFB1F155EB2DB006AC099 /* CJSONScanner.m in Sources */,
				078EFB20155EB2DB006AC099 /* CJSONSerializer.m in Sources */,
				078EFB99155EB42C006AC099 /* DAAlarm.m in Sources */,
				078EFB9B155EB42C006AC099 /* DAAlarmStandbyViewController.m in Sources */,
				078EFB9D155EB42C006AC099 /* DAAlarmViewController.m in Sources */,
				078EFB9E155EB42C006AC099 /* DAAppDelegate.m in Sources */,
				078EFBA0155EB42C006AC099 /* DARecordEditViewController.m in Sources */,
				078EFBA4155EB42C006AC099 /* main.m in Sources */,
				078EFBA5155EB42C006AC099 /* DARecord.m in Sources */,
				078EFBA6155EB42C006AC099 /* DARecordManager.m in Sources */,
				078EFBA8155EB42C006AC099 /* DAMessageEditViewController.m in Sources */,
				078EFBA9155EB42C006AC099 /* DARecordViewController.m in Sources */,
				078EFBAE155EB42C006AC099 /* DictionaryExtention.m in Sources */,
				078EFBAF155EB42C006AC099 /* HttpAsyncConnection.m in Sources */,
			);
			runOnlyForDeploymentPostprocessing = 0;
		};
/* End PBXSourcesBuildPhase section */

/* Begin PBXVariantGroup section */
		078EFB80155EB42C006AC099 /* InfoPlist.strings */ = {
			isa = PBXVariantGroup;
			children = (
				078EFB81155EB42C006AC099 /* en */,
			);
			name = InfoPlist.strings;
			sourceTree = "<group>";
		};
/* End PBXVariantGroup section */

/* Begin XCBuildConfiguration section */
		0775CD97155E1AA800275102 /* Debug */ = {
			isa = XCBuildConfiguration;
			buildSettings = {
				ALWAYS_SEARCH_USER_PATHS = NO;
				ARCHS = "$(ARCHS_STANDARD_32_BIT)";
				CLANG_ENABLE_OBJC_ARC = YES;
				"CODE_SIGN_IDENTITY[sdk=iphoneos*]" = "iPhone Developer";
				COPY_PHASE_STRIP = NO;
				GCC_C_LANGUAGE_STANDARD = gnu99;
				GCC_DYNAMIC_NO_PIC = NO;
				GCC_OPTIMIZATION_LEVEL = 0;
				GCC_PREPROCESSOR_DEFINITIONS = (
					"DEBUG=1",
					"$(inherited)",
				);
				GCC_SYMBOLS_PRIVATE_EXTERN = NO;
				GCC_VERSION = com.apple.compilers.llvm.clang.1_0;
				GCC_WARN_ABOUT_RETURN_TYPE = YES;
				GCC_WARN_UNINITIALIZED_AUTOS = YES;
				GCC_WARN_UNUSED_VARIABLE = YES;
				IPHONEOS_DEPLOYMENT_TARGET = 5.1;
				SDKROOT = iphoneos;
			};
			name = Debug;
		};
		0775CD98155E1AA800275102 /* Release */ = {
			isa = XCBuildConfiguration;
			buildSettings = {
				ALWAYS_SEARCH_USER_PATHS = NO;
				ARCHS = "$(ARCHS_STANDARD_32_BIT)";
				CLANG_ENABLE_OBJC_ARC = YES;
				"CODE_SIGN_IDENTITY[sdk=iphoneos*]" = "iPhone Developer";
				COPY_PHASE_STRIP = YES;
				GCC_C_LANGUAGE_STANDARD = gnu99;
				GCC_VERSION = com.apple.compilers.llvm.clang.1_0;
				GCC_WARN_ABOUT_RETURN_TYPE = YES;
				GCC_WARN_UNINITIALIZED_AUTOS = YES;
				GCC_WARN_UNUSED_VARIABLE = YES;
				IPHONEOS_DEPLOYMENT_TARGET = 5.1;
				OTHER_CFLAGS = "-DNS_BLOCK_ASSERTIONS=1";
				SDKROOT = iphoneos;
				VALIDATE_PRODUCT = YES;
			};
			name = Release;
		};
		0775CD9A155E1AA800275102 /* Debug */ = {
			isa = XCBuildConfiguration;
			buildSettings = {
				GCC_PRECOMPILE_PREFIX_HEADER = YES;
				GCC_PREFIX_HEADER = "DungaAlarm/DungaAlarm-Prefix.pch";
				INFOPLIST_FILE = "DungaAlarm/DungaAlarm-Info.plist";
				PRODUCT_NAME = DungaAlarm;
				WRAPPER_EXTENSION = app;
			};
			name = Debug;
		};
		0775CD9B155E1AA800275102 /* Release */ = {
			isa = XCBuildConfiguration;
			buildSettings = {
				GCC_PRECOMPILE_PREFIX_HEADER = YES;
				GCC_PREFIX_HEADER = "DungaAlarm/DungaAlarm-Prefix.pch";
				INFOPLIST_FILE = "DungaAlarm/DungaAlarm-Info.plist";
				PRODUCT_NAME = DungaAlarm;
				WRAPPER_EXTENSION = app;
			};
			name = Release;
		};
/* End XCBuildConfiguration section */

/* Begin XCConfigurationList section */
		0775CD67155E1AA800275102 /* Build configuration list for PBXProject "DungaAlarm" */ = {
			isa = XCConfigurationList;
			buildConfigurations = (
				0775CD97155E1AA800275102 /* Debug */,
				0775CD98155E1AA800275102 /* Release */,
			);
			defaultConfigurationIsVisible = 0;
			defaultConfigurationName = Release;
		};
		0775CD99155E1AA800275102 /* Build configuration list for PBXNativeTarget "DungaAlarm" */ = {
			isa = XCConfigurationList;
			buildConfigurations = (
				0775CD9A155E1AA800275102 /* Debug */,
				0775CD9B155E1AA800275102 /* Release */,
			);
			defaultConfigurationIsVisible = 0;
			defaultConfigurationName = Release;
		};
/* End XCConfigurationList section */
	};
	rootObject = 0775CD64155E1AA800275102 /* Project object */;
}
